// !$*UTF8*$!
{
	archiveVersion = 1;
	classes = {
	};
	objectVersion = 46;
	objects = {

/* Begin PBXBuildFile section */
		E5D1AF7E1B38582100418BB9 /* AppDelegate.swift in Sources */ = {isa = PBXBuildFile; fileRef = E5D1AF7D1B38582100418BB9 /* AppDelegate.swift */; };
		E5D1AF851B38582100418BB9 /* Images.xcassets in Resources */ = {isa = PBXBuildFile; fileRef = E5D1AF841B38582100418BB9 /* Images.xcassets */; };
		E5D1AF941B38582100418BB9 /* TableVIewTests.swift in Sources */ = {isa = PBXBuildFile; fileRef = E5D1AF931B38582100418BB9 /* TableVIewTests.swift */; };
		E5D1AF9E1B38587400418BB9 /* Storyboard.storyboard in Resources */ = {isa = PBXBuildFile; fileRef = E5D1AF9D1B38587400418BB9 /* Storyboard.storyboard */; };
		E5D1AFA01B385DEC00418BB9 /* MasterTableViewController.swift in Sources */ = {isa = PBXBuildFile; fileRef = E5D1AF9F1B385DEC00418BB9 /* MasterTableViewController.swift */; };
		E5D1AFA21B385E4200418BB9 /* DetailViewController.swift in Sources */ = {isa = PBXBuildFile; fileRef = E5D1AFA11B385E4200418BB9 /* DetailViewController.swift */; };
/* End PBXBuildFile section */

/* Begin PBXContainerItemProxy section */
		E5D1AF8E1B38582100418BB9 /* PBXContainerItemProxy */ = {
			isa = PBXContainerItemProxy;
			containerPortal = E5D1AF701B38582100418BB9 /* Project object */;
			proxyType = 1;
			remoteGlobalIDString = E5D1AF771B38582100418BB9;
			remoteInfo = TableVIew;
		};
/* End PBXContainerItemProxy section */

/* Begin PBXFileReference section */
		E5D1AF781B38582100418BB9 /* TableVIew.app */ = {isa = PBXFileReference; explicitFileType = wrapper.application; includeInIndex = 0; path = TableVIew.app; sourceTree = BUILT_PRODUCTS_DIR; };
		E5D1AF7C1B38582100418BB9 /* Info.plist */ = {isa = PBXFileReference; lastKnownFileType = text.plist.xml; path = Info.plist; sourceTree = "<group>"; };
		E5D1AF7D1B38582100418BB9 /* AppDelegate.swift */ = {isa = PBXFileReference; lastKnownFileType = sourcecode.swift; path = AppDelegate.swift; sourceTree = "<group>"; };
		E5D1AF841B38582100418BB9 /* Images.xcassets */ = {isa = PBXFileReference; lastKnownFileType = folder.assetcatalog; path = Images.xcassets; sourceTree = "<group>"; };
		E5D1AF8D1B38582100418BB9 /* TableVIewTests.xctest */ = {isa = PBXFileReference; explicitFileType = wrapper.cfbundle; includeInIndex = 0; path = TableVIewTests.xctest; sourceTree = BUILT_PRODUCTS_DIR; };
		E5D1AF921B38582100418BB9 /* Info.plist */ = {isa = PBXFileReference; lastKnownFileType = text.plist.xml; path = Info.plist; sourceTree = "<group>"; };
		E5D1AF931B38582100418BB9 /* TableVIewTests.swift */ = {isa = PBXFileReference; lastKnownFileType = sourcecode.swift; path = TableVIewTests.swift; sourceTree = "<group>"; };
		E5D1AF9D1B38587400418BB9 /* Storyboard.storyboard */ = {isa = PBXFileReference; fileEncoding = 4; lastKnownFileType = file.storyboard; path = Storyboard.storyboard; sourceTree = "<group>"; };
		E5D1AF9F1B385DEC00418BB9 /* MasterTableViewController.swift */ = {isa = PBXFileReference; fileEncoding = 4; lastKnownFileType = sourcecode.swift; path = MasterTableViewController.swift; sourceTree = "<group>"; };
		E5D1AFA11B385E4200418BB9 /* DetailViewController.swift */ = {isa = PBXFileReference; fileEncoding = 4; lastKnownFileType = sourcecode.swift; path = DetailViewController.swift; sourceTree = "<group>"; };
/* End PBXFileReference section */

/* Begin PBXFrameworksBuildPhase section */
		E5D1AF751B38582100418BB9 /* Frameworks */ = {
			isa = PBXFrameworksBuildPhase;
			buildActionMask = 2147483647;
			files = (
			);
			runOnlyForDeploymentPostprocessing = 0;
		};
		E5D1AF8A1B38582100418BB9 /* Frameworks */ = {
			isa = PBXFrameworksBuildPhase;
			buildActionMask = 2147483647;
			files = (
			);
			runOnlyForDeploymentPostprocessing = 0;
		};
/* End PBXFrameworksBuildPhase section */

/* Begin PBXGroup section */
		E5D1AF6F1B38582100418BB9 = {
			isa = PBXGroup;
			children = (
				E5D1AF7A1B38582100418BB9 /* TableVIew */,
				E5D1AF901B38582100418BB9 /* TableVIewTests */,
				E5D1AF791B38582100418BB9 /* Products */,
			);
			sourceTree = "<group>";
		};
		E5D1AF791B38582100418BB9 /* Products */ = {
			isa = PBXGroup;
			children = (
				E5D1AF781B38582100418BB9 /* TableVIew.app */,
				E5D1AF8D1B38582100418BB9 /* TableVIewTests.xctest */,
			);
			name = Products;
			sourceTree = "<group>";
		};
		E5D1AF7A1B38582100418BB9 /* TableVIew */ = {
			isa = PBXGroup;
			children = (
				E5D1AF7D1B38582100418BB9 /* AppDelegate.swift */,
				E5D1AF841B38582100418BB9 /* Images.xcassets */,
				E5D1AF7B1B38582100418BB9 /* Supporting Files */,
				E5D1AF9D1B38587400418BB9 /* Storyboard.storyboard */,
				E5D1AFA11B385E4200418BB9 /* DetailViewController.swift */,
				E5D1AF9F1B385DEC00418BB9 /* MasterTableViewController.swift */,
			);
			path = TableVIew;
			sourceTree = "<group>";
		};
		E5D1AF7B1B38582100418BB9 /* Supporting Files */ = {
			isa = PBXGroup;
			children = (
				E5D1AF7C1B38582100418BB9 /* Info.plist */,
			);
			name = "Supporting Files";
			sourceTree = "<group>";
		};
		E5D1AF901B38582100418BB9 /* TableVIewTests */ = {
			isa = PBXGroup;
			children = (
				E5D1AF931B38582100418BB9 /* TableVIewTests.swift */,
				E5D1AF911B38582100418BB9 /* Supporting Files */,
			);
			path = TableVIewTests;
			sourceTree = "<group>";
		};
		E5D1AF911B38582100418BB9 /* Supporting Files */ = {
			isa = PBXGroup;
			children = (
				E5D1AF921B38582100418BB9 /* Info.plist */,
			);
			name = "Supporting Files";
			sourceTree = "<group>";
		};
/* End PBXGroup section */

/* Begin PBXNativeTarget section */
		E5D1AF771B38582100418BB9 /* TableVIew */ = {
			isa = PBXNativeTarget;
			buildConfigurationList = E5D1AF971B38582100418BB9 /* Build configuration list for PBXNativeTarget "TableVIew" */;
			buildPhases = (
				E5D1AF741B38582100418BB9 /* Sources */,
				E5D1AF751B38582100418BB9 /* Frameworks */,
				E5D1AF761B38582100418BB9 /* Resources */,
			);
			buildRules = (
			);
			dependencies = (
			);
			name = TableVIew;
			productName = TableVIew;
			productReference = E5D1AF781B38582100418BB9 /* TableVIew.app */;
			productType = "com.apple.product-type.application";
		};
		E5D1AF8C1B38582100418BB9 /* TableVIewTests */ = {
			isa = PBXNativeTarget;
			buildConfigurationList = E5D1AF9A1B38582100418BB9 /* Build configuration list for PBXNativeTarget "TableVIewTests" */;
			buildPhases = (
				E5D1AF891B38582100418BB9 /* Sources */,
				E5D1AF8A1B38582100418BB9 /* Frameworks */,
				E5D1AF8B1B38582100418BB9 /* Resources */,
			);
			buildRules = (
			);
			dependencies = (
				E5D1AF8F1B38582100418BB9 /* PBXTargetDependency */,
			);
			name = TableVIewTests;
			productName = TableVIewTests;
			productReference = E5D1AF8D1B38582100418BB9 /* TableVIewTests.xctest */;
			productType = "com.apple.product-type.bundle.unit-test";
		};
/* End PBXNativeTarget section */

/* Begin PBXProject section */
		E5D1AF701B38582100418BB9 /* Project object */ = {
			isa = PBXProject;
			attributes = {
				LastUpgradeCheck = 0630;
				ORGANIZATIONNAME = "Huang Jian-Yu";
				TargetAttributes = {
					E5D1AF771B38582100418BB9 = {
						CreatedOnToolsVersion = 6.3.2;
					};
					E5D1AF8C1B38582100418BB9 = {
						CreatedOnToolsVersion = 6.3.2;
						TestTargetID = E5D1AF771B38582100418BB9;
					};
				};
			};
			buildConfigurationList = E5D1AF731B38582100418BB9 /* Build configuration list for PBXProject "TableVIew" */;
			compatibilityVersion = "Xcode 3.2";
			developmentRegion = English;
			hasScannedForEncodings = 0;
			knownRegions = (
				en,
				Base,
			);
			mainGroup = E5D1AF6F1B38582100418BB9;
			productRefGroup = E5D1AF791B38582100418BB9 /* Products */;
			projectDirPath = "";
			projectRoot = "";
			targets = (
				E5D1AF771B38582100418BB9 /* TableVIew */,
				E5D1AF8C1B38582100418BB9 /* TableVIewTests */,
			);
		};
/* End PBXProject section */

/* Begin PBXResourcesBuildPhase section */
		E5D1AF761B38582100418BB9 /* Resources */ = {
			isa = PBXResourcesBuildPhase;
			buildActionMask = 2147483647;
			files = (
				E5D1AF851B38582100418BB9 /* Images.xcassets in Resources */,
				E5D1AF9E1B38587400418BB9 /* Storyboard.storyboard in Resources */,
			);
			runOnlyForDeploymentPostprocessing = 0;
		};
		E5D1AF8B1B38582100418BB9 /* Resources */ = {
			isa = PBXResourcesBuildPhase;
			buildActionMask = 2147483647;
			files = (
			);
			runOnlyForDeploymentPostprocessing = 0;
		};
/* End PBXResourcesBuildPhase section */

/* Begin PBXSourcesBuildPhase section */
		E5D1AF741B38582100418BB9 /* Sources */ = {
			isa = PBXSourcesBuildPhase;
			buildActionMask = 2147483647;
			files = (
				E5D1AFA21B385E4200418BB9 /* DetailViewController.swift in Sources */,
				E5D1AF7E1B38582100418BB9 /* AppDelegate.swift in Sources */,
				E5D1AFA01B385DEC00418BB9 /* MasterTableViewController.swift in Sources */,
			);
			runOnlyForDeploymentPostprocessing = 0;
		};
		E5D1AF891B38582100418BB9 /* Sources */ = {
			isa = PBXSourcesBuildPhase;
			buildActionMask = 2147483647;
			files = (
				E5D1AF941B38582100418BB9 /* TableVIewTests.swift in Sources */,
			);
			runOnlyForDeploymentPostprocessing = 0;
		};
/* End PBXSourcesBuildPhase section */

/* Begin PBXTargetDependency section */
		E5D1AF8F1B38582100418BB9 /* PBXTargetDependency */ = {
			isa = PBXTargetDependency;
			target = E5D1AF771B38582100418BB9 /* TableVIew */;
			targetProxy = E5D1AF8E1B38582100418BB9 /* PBXContainerItemProxy */;
		};
/* End PBXTargetDependency section */

/* Begin XCBuildConfiguration section */
		E5D1AF951B38582100418BB9 /* Debug */ = {
			isa = XCBuildConfiguration;
			buildSettings = {
				ALWAYS_SEARCH_USER_PATHS = NO;
				CLANG_CXX_LANGUAGE_STANDARD = "gnu++0x";
				CLANG_CXX_LIBRARY = "libc++";
				CLANG_ENABLE_MODULES = YES;
				CLANG_ENABLE_OBJC_ARC = YES;
				CLANG_WARN_BOOL_CONVERSION = YES;
				CLANG_WARN_CONSTANT_CONVERSION = YES;
				CLANG_WARN_DIRECT_OBJC_ISA_USAGE = YES_ERROR;
				CLANG_WARN_EMPTY_BODY = YES;
				CLANG_WARN_ENUM_CONVERSION = YES;
				CLANG_WARN_INT_CONVERSION = YES;
				CLANG_WARN_OBJC_ROOT_CLASS = YES_ERROR;
				CLANG_WARN_UNREACHABLE_CODE = YES;
				CLANG_WARN__DUPLICATE_METHOD_MATCH = YES;
				"CODE_SIGN_IDENTITY[sdk=iphoneos*]" = "iPhone Developer";
				COPY_PHASE_STRIP = NO;
				DEBUG_INFORMATION_FORMAT = "dwarf-with-dsym";
				ENABLE_STRICT_OBJC_MSGSEND = YES;
				GCC_C_LANGUAGE_STANDARD = gnu99;
				GCC_DYNAMIC_NO_PIC = NO;
				GCC_NO_COMMON_BLOCKS = YES;
				GCC_OPTIMIZATION_LEVEL = 0;
				GCC_PREPROCESSOR_DEFINITIONS = (
					"DEBUG=1",
					"$(inherited)",
				);
				GCC_SYMBOLS_PRIVATE_EXTERN = NO;
				GCC_WARN_64_TO_32_BIT_CONVERSION = YES;
				GCC_WARN_ABOUT_RETURN_TYPE = YES_ERROR;
				GCC_WARN_UNDECLARED_SELECTOR = YES;
				GCC_WARN_UNINITIALIZED_AUTOS = YES_AGGRESSIVE;
				GCC_WARN_UNUSED_FUNCTION = YES;
				GCC_WARN_UNUSED_VARIABLE = YES;
				IPHONEOS_DEPLOYMENT_TARGET = 8.3;
				MTL_ENABLE_DEBUG_INFO = YES;
				ONLY_ACTIVE_ARCH = YES;
				SDKROOT = iphoneos;
				SWIFT_OPTIMIZATION_LEVEL = "-Onone";
			};
			name = Debug;
		};
		E5D1AF961B38582100418BB9 /* Release */ = {
			isa = XCBuildConfiguration;
			buildSettings = {
				ALWAYS_SEARCH_USER_PATHS = NO;
				CLANG_CXX_LANGUAGE_STANDARD = "gnu++0x";
				CLANG_CXX_LIBRARY = "libc++";
				CLANG_ENABLE_MODULES = YES;
				CLANG_ENABLE_OBJC_ARC = YES;
				CLANG_WARN_BOOL_CONVERSION = YES;
				CLANG_WARN_CONSTANT_CONVERSION = YES;
				CLANG_WARN_DIRECT_OBJC_ISA_USAGE = YES_ERROR;
				CLANG_WARN_EMPTY_BODY = YES;
				CLANG_WARN_ENUM_CONVERSION = YES;
				CLANG_WARN_INT_CONVERSION = YES;
				CLANG_WARN_OBJC_ROOT_CLASS = YES_ERROR;
				CLANG_WARN_UNREACHABLE_CODE = YES;
				CLANG_WARN__DUPLICATE_METHOD_MATCH = YES;
				"CODE_SIGN_IDENTITY[sdk=iphoneos*]" = "iPhone Developer";
				COPY_PHASE_STRIP = NO;
				DEBUG_INFORMATION_FORMAT = "dwarf-with-dsym";
				ENABLE_NS_ASSERTIONS = NO;
				ENABLE_STRICT_OBJC_MSGSEND = YES;
				GCC_C_LANGUAGE_STANDARD = gnu99;
				GCC_NO_COMMON_BLOCKS = YES;
				GCC_WARN_64_TO_32_BIT_CONVERSION = YES;
				GCC_WARN_ABOUT_RETURN_TYPE = YES_ERROR;
				GCC_WARN_UNDECLARED_SELECTOR = YES;
				GCC_WARN_UNINITIALIZED_AUTOS = YES_AGGRESSIVE;
				GCC_WARN_UNUSED_FUNCTION = YES;
				GCC_WARN_UNUSED_VARIABLE = YES;
				IPHONEOS_DEPLOYMENT_TARGET = 8.3;
				MTL_ENABLE_DEBUG_INFO = NO;
				SDKROOT = iphoneos;
				VALIDATE_PRODUCT = YES;
			};
			name = Release;
		};
		E5D1AF981B38582100418BB9 /* Debug */ = {
			isa = XCBuildConfiguration;
			buildSettings = {
				ASSETCATALOG_COMPILER_APPICON_NAME = AppIcon;
				INFOPLIST_FILE = TableVIew/Info.plist;
				LD_RUNPATH_SEARCH_PATHS = "$(inherited) @executable_path/Frameworks";
				PRODUCT_NAME = "$(TARGET_NAME)";
			};
			name = Debug;
		};
		E5D1AF991B38582100418BB9 /* Release */ = {
			isa = XCBuildConfiguration;
			buildSettings = {
				ASSETCATALOG_COMPILER_APPICON_NAME = AppIcon;
				INFOPLIST_FILE = TableVIew/Info.plist;
				LD_RUNPATH_SEARCH_PATHS = "$(inherited) @executable_path/Frameworks";
				PRODUCT_NAME = "$(TARGET_NAME)";
			};
			name = Release;
		};
		E5D1AF9B1B38582100418BB9 /* Debug */ = {
			isa = XCBuildConfiguration;
			buildSettings = {
				BUNDLE_LOADER = "$(TEST_HOST)";
				FRAMEWORK_SEARCH_PATHS = (
					"$(SDKROOT)/Developer/Library/Frameworks",
					"$(inherited)",
				);
				GCC_PREPROCESSOR_DEFINITIONS = (
					"DEBUG=1",
					"$(inherited)",
				);
				INFOPLIST_FILE = TableVIewTests/Info.plist;
				LD_RUNPATH_SEARCH_PATHS = "$(inherited) @executable_path/Frameworks @loader_path/Frameworks";
				PRODUCT_NAME = "$(TARGET_NAME)";
				TEST_HOST = "$(BUILT_PRODUCTS_DIR)/TableVIew.app/TableVIew";
			};
			name = Debug;
		};
		E5D1AF9C1B38582100418BB9 /* Release */ = {
			isa = XCBuildConfiguration;
			buildSettings = {
				BUNDLE_LOADER = "$(TEST_HOST)";
				FRAMEWORK_SEARCH_PATHS = (
					"$(SDKROOT)/Developer/Library/Frameworks",
					"$(inherited)",
				);
				INFOPLIST_FILE = TableVIewTests/Info.plist;
				LD_RUNPATH_SEARCH_PATHS = "$(inherited) @executable_path/Frameworks @loader_path/Frameworks";
				PRODUCT_NAME = "$(TARGET_NAME)";
				TEST_HOST = "$(BUILT_PRODUCTS_DIR)/TableVIew.app/TableVIew";
			};
			name = Release;
		};
/* End XCBuildConfiguration section */

/* Begin XCConfigurationList section */
		E5D1AF731B38582100418BB9 /* Build configuration list for PBXProject "TableVIew" */ = {
			isa = XCConfigurationList;
			buildConfigurations = (
				E5D1AF951B38582100418BB9 /* Debug */,
				E5D1AF961B38582100418BB9 /* Release */,
			);
			defaultConfigurationIsVisible = 0;
			defaultConfigurationName = Release;
		};
		E5D1AF971B38582100418BB9 /* Build configuration list for PBXNativeTarget "TableVIew" */ = {
			isa = XCConfigurationList;
			buildConfigurations = (
				E5D1AF981B38582100418BB9 /* Debug */,
				E5D1AF991B38582100418BB9 /* Release */,
			);
			defaultConfigurationIsVisible = 0;
		};
		E5D1AF9A1B38582100418BB9 /* Build configuration list for PBXNativeTarget "TableVIewTests" */ = {
			isa = XCConfigurationList;
			buildConfigurations = (
				E5D1AF9B1B38582100418BB9 /* Debug */,
				E5D1AF9C1B38582100418BB9 /* Release */,
			);
			defaultConfigurationIsVisible = 0;
		};
/* End XCConfigurationList section */
	};
	rootObject = E5D1AF701B38582100418BB9 /* Project object */;
}
